
Microsoft Visual Studio Solution File, Format Version 12.00
# Visual Studio Version 16
VisualStudioVersion = 16.0.29613.14
MinimumVisualStudioVersion = 10.0.40219.1
Project("{FAE04EC0-301F-11D3-BF4B-00C04F79EFBC}") = "APIGateway", "APIGateway\APIGateway.csproj", "{3FCB193D-509E-402E-8724-D0016606F4EC}"
EndProject
Project("{FAE04EC0-301F-11D3-BF4B-00C04F79EFBC}") = "CustomersAPI", "CustomersAPI\CustomersAPI.csproj", "{C8ED34F6-3E68-47BC-A066-CF334FEF1E38}"
EndProject
Project("{FAE04EC0-301F-11D3-BF4B-00C04F79EFBC}") = "ProductsAPI", "ProductsAPI\ProductsAPI.csproj", "{3CCED407-3B54-471B-B334-EC37E67FF7F5}"
EndProject
Global
	GlobalSection(SolutionConfigurationPlatforms) = preSolution
		Debug|Any CPU = Debug|Any CPU
		Release|Any CPU = Release|Any CPU
	EndGlobalSection
	GlobalSection(ProjectConfigurationPlatforms) = postSolution
		{3FCB193D-509E-402E-8724-D0016606F4EC}.Debug|Any CPU.ActiveCfg = Debug|Any CPU
		{3FCB193D-509E-402E-8724-D0016606F4EC}.Debug|Any CPU.Build.0 = Debug|Any CPU
		{3FCB193D-509E-402E-8724-D0016606F4EC}.Release|Any CPU.ActiveCfg = Release|Any CPU
		{3FCB193D-509E-402E-8724-D0016606F4EC}.Release|Any CPU.Build.0 = Release|Any CPU
		{C8ED34F6-3E68-47BC-A066-CF334FEF1E38}.Debug|Any CPU.ActiveCfg = Debug|Any CPU
		{C8ED34F6-3E68-47BC-A066-CF334FEF1E38}.Debug|Any CPU.Build.0 = Debug|Any CPU
		{C8ED34F6-3E68-47BC-A066-CF334FEF1E38}.Release|Any CPU.ActiveCfg = Release|Any CPU
		{C8ED34F6-3E68-47BC-A066-CF334FEF1E38}.Release|Any CPU.Build.0 = Release|Any CPU
		{3CCED407-3B54-471B-B334-EC37E67FF7F5}.Debug|Any CPU.ActiveCfg = Debug|Any CPU
		{3CCED407-3B54-471B-B334-EC37E67FF7F5}.Debug|Any CPU.Build.0 = Debug|Any CPU
		{3CCED407-3B54-471B-B334-EC37E67FF7F5}.Release|Any CPU.ActiveCfg = Release|Any CPU
		{3CCED407-3B54-471B-B334-EC37E67FF7F5}.Release|Any CPU.Build.0 = Release|Any CPU
	EndGlobalSection
	GlobalSection(SolutionProperties) = preSolution
		HideSolutionNode = FALSE
	EndGlobalSection
	GlobalSection(ExtensibilityGlobals) = postSolution
		SolutionGuid = {CC481D4A-F80C-4297-920B-3E10B36EF985}
	EndGlobalSection
EndGlobal
